<?xml version="1.0" encoding="utf-8"?>
<Project ToolsVersion="4.0" xmlns="http://schemas.microsoft.com/developer/msbuild/2003">
  <ItemGroup>
    <Filter Include="win32">
      <UniqueIdentifier>{84a8ebd7-7cf0-47f6-b75e-d441df67da40}</UniqueIdentifier>
    </Filter>
    <Filter Include="resource">
      <UniqueIdentifier>{715254bc-d70b-4ec5-bf29-467dd3ace079}</UniqueIdentifier>
    </Filter>
    <Filter Include="src">
      <UniqueIdentifier>{bb6c862e-70e9-49d9-81b7-3829a6f50471}</UniqueIdentifier>
    </Filter>
    <Filter Include="src\SneakyJoystick">
      <UniqueIdentifier>{20368c10-3650-417e-9480-2d77f0091173}</UniqueIdentifier>
    </Filter>
    <Filter Include="src\util">
      <UniqueIdentifier>{266545a0-e44d-433a-a002-d4fb212c5996}</UniqueIdentifier>
    </Filter>
  </ItemGroup>
  <ItemGroup>
    <ClCompile Include="main.cpp">
      <Filter>win32</Filter>
    </ClCompile>
    <ClCompile Include="..\Classes\AppDelegate.cpp">
      <Filter>src</Filter>
    </ClCompile>
    <ClCompile Include="..\Classes\Button.cpp">
      <Filter>src</Filter>
    </ClCompile>
    <ClCompile Include="..\Classes\CCParallaxNodeExtras.cpp">
      <Filter>src</Filter>
    </ClCompile>
    <ClCompile Include="..\Classes\EnemyBullet.cpp">
      <Filter>src</Filter>
    </ClCompile>
    <ClCompile Include="..\Classes\Gems.cpp">
      <Filter>src</Filter>
    </ClCompile>
    <ClCompile Include="..\Classes\HAbout.cpp">
      <Filter>src</Filter>
    </ClCompile>
    <ClCompile Include="..\Classes\HBullet.cpp">
      <Filter>src</Filter>
    </ClCompile>
    <ClCompile Include="..\Classes\HEnemy.cpp">
      <Filter>src</Filter>
    </ClCompile>
    <ClCompile Include="..\Classes\HMap.cpp">
      <Filter>src</Filter>
    </ClCompile>
    <ClCompile Include="..\Classes\HMenu.cpp">
      <Filter>src</Filter>
    </ClCompile>
    <ClCompile Include="..\Classes\HPauseLayer.cpp">
      <Filter>src</Filter>
    </ClCompile>
    <ClCompile Include="..\Classes\HPlayer.cpp">
      <Filter>src</Filter>
    </ClCompile>
    <ClCompile Include="..\Classes\HScore.cpp">
      <Filter>src</Filter>
    </ClCompile>
    <ClCompile Include="..\Classes\HSettings.cpp">
      <Filter>src</Filter>
    </ClCompile>
    <ClCompile Include="..\Classes\HWorld.cpp">
      <Filter>src</Filter>
    </ClCompile>
    <ClCompile Include="..\Classes\Level.cpp">
      <Filter>src</Filter>
    </ClCompile>
    <ClCompile Include="..\Classes\LevelScene.cpp">
      <Filter>src</Filter>
    </ClCompile>
    <ClCompile Include="..\Classes\NewBullet.cpp">
      <Filter>src</Filter>
    </ClCompile>
    <ClCompile Include="..\Classes\NewEnemy.cpp">
      <Filter>src</Filter>
    </ClCompile>
    <ClCompile Include="..\Classes\NewPlayer.cpp">
      <Filter>src</Filter>
    </ClCompile>
    <ClCompile Include="..\Classes\UniqueSkill.cpp">
      <Filter>src</Filter>
    </ClCompile>
    <ClCompile Include="..\Classes\SneakyJoystick\SneakyButton.cpp">
      <Filter>src\SneakyJoystick</Filter>
    </ClCompile>
    <ClCompile Include="..\Classes\SneakyJoystick\SneakyButtonSkinnedBase.cpp">
      <Filter>src\SneakyJoystick</Filter>
    </ClCompile>
    <ClCompile Include="..\Classes\SneakyJoystick\SneakyJoystick.cpp">
      <Filter>src\SneakyJoystick</Filter>
    </ClCompile>
    <ClCompile Include="..\Classes\SneakyJoystick\SneakyJoystickSkinnedBase.cpp">
      <Filter>src\SneakyJoystick</Filter>
    </ClCompile>
  </ItemGroup>
  <ItemGroup>
    <ClInclude Include="main.h">
      <Filter>win32</Filter>
    </ClInclude>
    <ClInclude Include="..\Classes\AppDelegate.h">
      <Filter>src</Filter>
    </ClInclude>
    <ClInclude Include="..\Classes\Button.h">
      <Filter>src</Filter>
    </ClInclude>
    <ClInclude Include="..\Classes\CCParallaxNodeExtras.h">
      <Filter>src</Filter>
    </ClInclude>
    <ClInclude Include="..\Classes\EnemyBullet.h">
      <Filter>src</Filter>
    </ClInclude>
    <ClInclude Include="..\Classes\Gems.h">
      <Filter>src</Filter>
    </ClInclude>
    <ClInclude Include="..\Classes\HAbout.h">
      <Filter>src</Filter>
    </ClInclude>
    <ClInclude Include="..\Classes\HBullet.h">
      <Filter>src</Filter>
    </ClInclude>
    <ClInclude Include="..\Classes\HEnemy.h">
      <Filter>src</Filter>
    </ClInclude>
    <ClInclude Include="..\Classes\HMap.h">
      <Filter>src</Filter>
    </ClInclude>
    <ClInclude Include="..\Classes\HMenu.h">
      <Filter>src</Filter>
    </ClInclude>
    <ClInclude Include="..\Classes\HPauseLayer.h">
      <Filter>src</Filter>
    </ClInclude>
    <ClInclude Include="..\Classes\HPlayer.h">
      <Filter>src</Filter>
    </ClInclude>
    <ClInclude Include="..\Classes\HScore.h">
      <Filter>src</Filter>
    </ClInclude>
    <ClInclude Include="..\Classes\HSettings.h">
      <Filter>src</Filter>
    </ClInclude>
    <ClInclude Include="..\Classes\HWorld.h">
      <Filter>src</Filter>
    </ClInclude>
    <ClInclude Include="..\Classes\Level.h">
      <Filter>src</Filter>
    </ClInclude>
    <ClInclude Include="..\Classes\LevelScene.h">
      <Filter>src</Filter>
    </ClInclude>
    <ClInclude Include="..\Classes\NewBullet.h">
      <Filter>src</Filter>
    </ClInclude>
    <ClInclude Include="..\Classes\NewEnemy.h">
      <Filter>src</Filter>
    </ClInclude>
    <ClInclude Include="..\Classes\NewPlayer.h">
      <Filter>src</Filter>
    </ClInclude>
    <ClInclude Include="..\Classes\UniqueSkill.h">
      <Filter>src</Filter>
    </ClInclude>
    <ClInclude Include="..\Classes\SneakyJoystick\SneakyButton.h">
      <Filter>src\SneakyJoystick</Filter>
    </ClInclude>
    <ClInclude Include="..\Classes\SneakyJoystick\SneakyButtonSkinnedBase.h">
      <Filter>src\SneakyJoystick</Filter>
    </ClInclude>
    <ClInclude Include="..\Classes\SneakyJoystick\SneakyJoystick.h">
      <Filter>src\SneakyJoystick</Filter>
    </ClInclude>
    <ClInclude Include="..\Classes\SneakyJoystick\SneakyJoystickSkinnedBase.h">
      <Filter>src\SneakyJoystick</Filter>
    </ClInclude>
  </ItemGroup>
  <ItemGroup>
    <ResourceCompile Include="game.rc">
      <Filter>resource</Filter>
    </ResourceCompile>
  </ItemGroup>
</Project>